
Microsoft Visual Studio Solution File, Format Version 12.00
# Visual Studio Version 16
VisualStudioVersion = 16.0.30225.117
MinimumVisualStudioVersion = 10.0.40219.1
Project("{FAE04EC0-301F-11D3-BF4B-00C04F79EFBC}") = "ADF.Functions", "ADF.Functions\ADF.Functions.csproj", "{12DD4B77-8B6C-4F4F-B0D2-58E60D2735BF}"
EndProject
Global
	GlobalSection(SolutionConfigurationPlatforms) = preSolution
		Debug|Any CPU = Debug|Any CPU
		Release|Any CPU = Release|Any CPU
	EndGlobalSection
	GlobalSection(ProjectConfigurationPlatforms) = postSolution
		{12DD4B77-8B6C-4F4F-B0D2-58E60D2735BF}.Debug|Any CPU.ActiveCfg = Debug|Any CPU
		{12DD4B77-8B6C-4F4F-B0D2-58E60D2735BF}.Debug|Any CPU.Build.0 = Debug|Any CPU
		{12DD4B77-8B6C-4F4F-B0D2-58E60D2735BF}.Release|Any CPU.ActiveCfg = Release|Any CPU
		{12DD4B77-8B6C-4F4F-B0D2-58E60D2735BF}.Release|Any CPU.Build.0 = Release|Any CPU
	EndGlobalSection
	GlobalSection(SolutionProperties) = preSolution
		HideSolutionNode = FALSE
	EndGlobalSection
	GlobalSection(ExtensibilityGlobals) = postSolution
		SolutionGuid = {1EC28293-D817-4502-AA0C-3AFC4593B031}
	EndGlobalSection
EndGlobal
